
Microsoft Visual Studio Solution File, Format Version 12.00
# Visual Studio Version 17
VisualStudioVersion = 17.0.31903.59
MinimumVisualStudioVersion = 10.0.40219.1
Project("{2150E333-8FDC-42A3-9474-1A3956D46DE8}") = "src", "src", "{3CC48589-7D9A-43CD-AF04-729C29C14EE7}"
EndProject
Project("{FAE04EC0-301F-11D3-BF4B-00C04F79EFBC}") = "Procyon.Media.Abstractions", "src\Procyon.Media.Abstractions\Procyon.Media.Abstractions.csproj", "{B5D52060-A45B-4A5E-9569-F9DDBA098CC4}"
EndProject
Project("{FAE04EC0-301F-11D3-BF4B-00C04F79EFBC}") = "Procyon.Media", "src\Procyon.Media\Procyon.Media.csproj", "{AF354250-D4A1-4AAF-85C4-09D9A13CE269}"
EndProject
Project("{FAE04EC0-301F-11D3-BF4B-00C04F79EFBC}") = "Procyon.Media.S3", "src\Procyon.Media.S3\Procyon.Media.S3.csproj", "{BC1BD49E-B9C1-423D-93B1-AE74FAD5ADA2}"
EndProject
Project("{2150E333-8FDC-42A3-9474-1A3956D46DE8}") = "tests", "tests", "{3BF385E7-A8DC-4101-8700-745A41E1CD0F}"
EndProject
Project("{FAE04EC0-301F-11D3-BF4B-00C04F79EFBC}") = "Procyon.Media.Tests", "tests\Procyon.Media.Tests\Procyon.Media.Tests.csproj", "{F26A48CD-BB00-4438-A978-372966DB61F0}"
EndProject
Project("{2150E333-8FDC-42A3-9474-1A3956D46DE8}") = "examples", "examples", "{1A412569-64E2-4CBB-BCAA-5D678E42D963}"
EndProject
Project("{FAE04EC0-301F-11D3-BF4B-00C04F79EFBC}") = "Procyon.Example", "examples\Procyon.Example\Procyon.Example.csproj", "{DC44606E-74CF-4354-A601-10A70059A9FF}"
EndProject
Global
	GlobalSection(SolutionConfigurationPlatforms) = preSolution
		Debug|Any CPU = Debug|Any CPU
		Release|Any CPU = Release|Any CPU
	EndGlobalSection
	GlobalSection(SolutionProperties) = preSolution
		HideSolutionNode = FALSE
	EndGlobalSection
	GlobalSection(ProjectConfigurationPlatforms) = postSolution
		{B5D52060-A45B-4A5E-9569-F9DDBA098CC4}.Debug|Any CPU.ActiveCfg = Debug|Any CPU
		{B5D52060-A45B-4A5E-9569-F9DDBA098CC4}.Debug|Any CPU.Build.0 = Debug|Any CPU
		{B5D52060-A45B-4A5E-9569-F9DDBA098CC4}.Release|Any CPU.ActiveCfg = Release|Any CPU
		{B5D52060-A45B-4A5E-9569-F9DDBA098CC4}.Release|Any CPU.Build.0 = Release|Any CPU
		{AF354250-D4A1-4AAF-85C4-09D9A13CE269}.Debug|Any CPU.ActiveCfg = Debug|Any CPU
		{AF354250-D4A1-4AAF-85C4-09D9A13CE269}.Debug|Any CPU.Build.0 = Debug|Any CPU
		{AF354250-D4A1-4AAF-85C4-09D9A13CE269}.Release|Any CPU.ActiveCfg = Release|Any CPU
		{AF354250-D4A1-4AAF-85C4-09D9A13CE269}.Release|Any CPU.Build.0 = Release|Any CPU
		{BC1BD49E-B9C1-423D-93B1-AE74FAD5ADA2}.Debug|Any CPU.ActiveCfg = Debug|Any CPU
		{BC1BD49E-B9C1-423D-93B1-AE74FAD5ADA2}.Debug|Any CPU.Build.0 = Debug|Any CPU
		{BC1BD49E-B9C1-423D-93B1-AE74FAD5ADA2}.Release|Any CPU.ActiveCfg = Release|Any CPU
		{BC1BD49E-B9C1-423D-93B1-AE74FAD5ADA2}.Release|Any CPU.Build.0 = Release|Any CPU
		{F26A48CD-BB00-4438-A978-372966DB61F0}.Debug|Any CPU.ActiveCfg = Debug|Any CPU
		{F26A48CD-BB00-4438-A978-372966DB61F0}.Debug|Any CPU.Build.0 = Debug|Any CPU
		{F26A48CD-BB00-4438-A978-372966DB61F0}.Release|Any CPU.ActiveCfg = Release|Any CPU
		{F26A48CD-BB00-4438-A978-372966DB61F0}.Release|Any CPU.Build.0 = Release|Any CPU
		{DC44606E-74CF-4354-A601-10A70059A9FF}.Debug|Any CPU.ActiveCfg = Debug|Any CPU
		{DC44606E-74CF-4354-A601-10A70059A9FF}.Debug|Any CPU.Build.0 = Debug|Any CPU
		{DC44606E-74CF-4354-A601-10A70059A9FF}.Release|Any CPU.ActiveCfg = Release|Any CPU
		{DC44606E-74CF-4354-A601-10A70059A9FF}.Release|Any CPU.Build.0 = Release|Any CPU
	EndGlobalSection
	GlobalSection(NestedProjects) = preSolution
		{B5D52060-A45B-4A5E-9569-F9DDBA098CC4} = {3CC48589-7D9A-43CD-AF04-729C29C14EE7}
		{AF354250-D4A1-4AAF-85C4-09D9A13CE269} = {3CC48589-7D9A-43CD-AF04-729C29C14EE7}
		{BC1BD49E-B9C1-423D-93B1-AE74FAD5ADA2} = {3CC48589-7D9A-43CD-AF04-729C29C14EE7}
		{F26A48CD-BB00-4438-A978-372966DB61F0} = {3BF385E7-A8DC-4101-8700-745A41E1CD0F}
		{DC44606E-74CF-4354-A601-10A70059A9FF} = {1A412569-64E2-4CBB-BCAA-5D678E42D963}
	EndGlobalSection
EndGlobal
